
Microsoft Visual Studio Solution File, Format Version 12.00
# Visual Studio 15
VisualStudioVersion = 15.0.27004.2002
MinimumVisualStudioVersion = 10.0.40219.1
Project("{FAE04EC0-301F-11D3-BF4B-00C04F79EFBC}") = "Control Escolar", "Control Escolar\Control Escolar.csproj", "{B6F3F47A-FF33-4074-A2AB-8B420584A93A}"
EndProject
Project("{FAE04EC0-301F-11D3-BF4B-00C04F79EFBC}") = "DAL", "DAL\DAL.csproj", "{80F4A69F-D7A8-49D4-ACE4-F5E7799E9CDD}"
EndProject
Project("{FAE04EC0-301F-11D3-BF4B-00C04F79EFBC}") = "BLL", "BLL\BLL.csproj", "{69CCDED1-D1A8-4BB8-AF12-D1112C36AAC8}"
EndProject
Global
	GlobalSection(SolutionConfigurationPlatforms) = preSolution
		Debug|Any CPU = Debug|Any CPU
		Release|Any CPU = Release|Any CPU
	EndGlobalSection
	GlobalSection(ProjectConfigurationPlatforms) = postSolution
		{B6F3F47A-FF33-4074-A2AB-8B420584A93A}.Debug|Any CPU.ActiveCfg = Debug|Any CPU
		{B6F3F47A-FF33-4074-A2AB-8B420584A93A}.Debug|Any CPU.Build.0 = Debug|Any CPU
		{B6F3F47A-FF33-4074-A2AB-8B420584A93A}.Release|Any CPU.ActiveCfg = Release|Any CPU
		{B6F3F47A-FF33-4074-A2AB-8B420584A93A}.Release|Any CPU.Build.0 = Release|Any CPU
		{80F4A69F-D7A8-49D4-ACE4-F5E7799E9CDD}.Debug|Any CPU.ActiveCfg = Debug|Any CPU
		{80F4A69F-D7A8-49D4-ACE4-F5E7799E9CDD}.Debug|Any CPU.Build.0 = Debug|Any CPU
		{80F4A69F-D7A8-49D4-ACE4-F5E7799E9CDD}.Release|Any CPU.ActiveCfg = Release|Any CPU
		{80F4A69F-D7A8-49D4-ACE4-F5E7799E9CDD}.Release|Any CPU.Build.0 = Release|Any CPU
		{69CCDED1-D1A8-4BB8-AF12-D1112C36AAC8}.Debug|Any CPU.ActiveCfg = Debug|Any CPU
		{69CCDED1-D1A8-4BB8-AF12-D1112C36AAC8}.Debug|Any CPU.Build.0 = Debug|Any CPU
		{69CCDED1-D1A8-4BB8-AF12-D1112C36AAC8}.Release|Any CPU.ActiveCfg = Release|Any CPU
		{69CCDED1-D1A8-4BB8-AF12-D1112C36AAC8}.Release|Any CPU.Build.0 = Release|Any CPU
	EndGlobalSection
	GlobalSection(SolutionProperties) = preSolution
		HideSolutionNode = FALSE
	EndGlobalSection
	GlobalSection(ExtensibilityGlobals) = postSolution
		SolutionGuid = {3DB9867E-CC25-46A2-8584-33611C49F8EC}
	EndGlobalSection
EndGlobal
